# THIS IS AN AUTOGENERATED FILE. DO NOT EDIT THIS FILE DIRECTLY.
# yarn lockfile v1


"@vuepress/plugin-google-analytics@^1.2.0":
  version "1.2.0"
  resolved "https://registry.yarnpkg.com/@vuepress/plugin-google-analytics/-/plugin-google-analytics-1.2.0.tgz#54555fd14f01a032c5acff04ecbbe0911577d7d0"
  integrity sha512-0zol5D4Efb5GKel7ADO/s65MLtKSLnOEGkeWzuipkWomSQPzP7TJ3+/RcYBnGdyBFHd1BSpTUHGK0b/IGwM3UA==
